// !$*UTF8*$!
{
	archiveVersion = 1;
	classes = {
	};
	objectVersion = 50;
	objects = {

/* Begin PBXBuildFile section */
		B46BB5882212E73A004D2EEE /* CoreData.framework in Frameworks */ = {isa = PBXBuildFile; fileRef = B46BB5872212E73A004D2EEE /* CoreData.framework */; };
		B46BB58B2212E7B4004D2EEE /* MemeData.xcdatamodeld in Sources */ = {isa = PBXBuildFile; fileRef = B46BB5892212E7B4004D2EEE /* MemeData.xcdatamodeld */; };
		B477381E221294D200E02BD6 /* MemeDetail.swift in Sources */ = {isa = PBXBuildFile; fileRef = B477381D221294D100E02BD6 /* MemeDetail.swift */; };
		B491D00721F37F58006949A3 /* SentMemes.storyboard in Resources */ = {isa = PBXBuildFile; fileRef = B491D00621F37F58006949A3 /* SentMemes.storyboard */; };
		B491D00921F37FC0006949A3 /* SentMemes.swift in Sources */ = {isa = PBXBuildFile; fileRef = B491D00821F37FC0006949A3 /* SentMemes.swift */; };
		B4D234752214359600E38F16 /* MemeData.swift in Sources */ = {isa = PBXBuildFile; fileRef = B4D234742214359600E38F16 /* MemeData.swift */; };
		B4DB2E5C21AA205F00A51CD7 /* AppDelegate.swift in Sources */ = {isa = PBXBuildFile; fileRef = B4DB2E5B21AA205F00A51CD7 /* AppDelegate.swift */; };
		B4DB2E5E21AA205F00A51CD7 /* MemeEditor.swift in Sources */ = {isa = PBXBuildFile; fileRef = B4DB2E5D21AA205F00A51CD7 /* MemeEditor.swift */; };
		B4DB2E6121AA205F00A51CD7 /* MemeEditor.storyboard in Resources */ = {isa = PBXBuildFile; fileRef = B4DB2E5F21AA205F00A51CD7 /* MemeEditor.storyboard */; };
		B4DB2E6321AA206100A51CD7 /* Assets.xcassets in Resources */ = {isa = PBXBuildFile; fileRef = B4DB2E6221AA206100A51CD7 /* Assets.xcassets */; };
		B4DB2E7121AA206100A51CD7 /* MemeMe_1_0Tests.swift in Sources */ = {isa = PBXBuildFile; fileRef = B4DB2E7021AA206100A51CD7 /* MemeMe_1_0Tests.swift */; };
		B4DB2E7C21AA206100A51CD7 /* MemeMe_1_0UITests.swift in Sources */ = {isa = PBXBuildFile; fileRef = B4DB2E7B21AA206100A51CD7 /* MemeMe_1_0UITests.swift */; };
		B4F696E42215764F00F3EFA9 /* SentMemes+CoreDataClass.swift in Sources */ = {isa = PBXBuildFile; fileRef = B4F696E22215764F00F3EFA9 /* SentMemes+CoreDataClass.swift */; };
		B4F696E52215764F00F3EFA9 /* SentMemes+CoreDataProperties.swift in Sources */ = {isa = PBXBuildFile; fileRef = B4F696E32215764F00F3EFA9 /* SentMemes+CoreDataProperties.swift */; };
/* End PBXBuildFile section */

/* Begin PBXContainerItemProxy section */
		B4DB2E6D21AA206100A51CD7 /* PBXContainerItemProxy */ = {
			isa = PBXContainerItemProxy;
			containerPortal = B4DB2E5021AA205F00A51CD7 /* Project object */;
			proxyType = 1;
			remoteGlobalIDString = B4DB2E5721AA205F00A51CD7;
			remoteInfo = "MemeMe 1.0";
		};
		B4DB2E7821AA206100A51CD7 /* PBXContainerItemProxy */ = {
			isa = PBXContainerItemProxy;
			containerPortal = B4DB2E5021AA205F00A51CD7 /* Project object */;
			proxyType = 1;
			remoteGlobalIDString = B4DB2E5721AA205F00A51CD7;
			remoteInfo = "MemeMe 1.0";
		};
/* End PBXContainerItemProxy section */

/* Begin PBXFileReference section */
		B46BB5872212E73A004D2EEE /* CoreData.framework */ = {isa = PBXFileReference; lastKnownFileType = wrapper.framework; name = CoreData.framework; path = System/Library/Frameworks/CoreData.framework; sourceTree = SDKROOT; };
		B46BB58A2212E7B4004D2EEE /* Model.xcdatamodel */ = {isa = PBXFileReference; lastKnownFileType = wrapper.xcdatamodel; path = Model.xcdatamodel; sourceTree = "<group>"; };
		B477381D221294D100E02BD6 /* MemeDetail.swift */ = {isa = PBXFileReference; lastKnownFileType = sourcecode.swift; path = MemeDetail.swift; sourceTree = "<group>"; };
		B491D00621F37F58006949A3 /* SentMemes.storyboard */ = {isa = PBXFileReference; lastKnownFileType = file.storyboard; path = SentMemes.storyboard; sourceTree = "<group>"; };
		B491D00821F37FC0006949A3 /* SentMemes.swift */ = {isa = PBXFileReference; lastKnownFileType = sourcecode.swift; path = SentMemes.swift; sourceTree = "<group>"; };
		B4D234742214359600E38F16 /* MemeData.swift */ = {isa = PBXFileReference; lastKnownFileType = sourcecode.swift; path = MemeData.swift; sourceTree = "<group>"; };
		B4DB2E5821AA205F00A51CD7 /* MemeMe 2.0.app */ = {isa = PBXFileReference; explicitFileType = wrapper.application; includeInIndex = 0; path = "MemeMe 2.0.app"; sourceTree = BUILT_PRODUCTS_DIR; };
		B4DB2E5B21AA205F00A51CD7 /* AppDelegate.swift */ = {isa = PBXFileReference; lastKnownFileType = sourcecode.swift; path = AppDelegate.swift; sourceTree = "<group>"; };
		B4DB2E5D21AA205F00A51CD7 /* MemeEditor.swift */ = {isa = PBXFileReference; lastKnownFileType = sourcecode.swift; path = MemeEditor.swift; sourceTree = "<group>"; };
		B4DB2E6021AA205F00A51CD7 /* Base */ = {isa = PBXFileReference; lastKnownFileType = file.storyboard; name = Base; path = Base.lproj/MemeEditor.storyboard; sourceTree = "<group>"; };
		B4DB2E6221AA206100A51CD7 /* Assets.xcassets */ = {isa = PBXFileReference; lastKnownFileType = folder.assetcatalog; path = Assets.xcassets; sourceTree = "<group>"; };
		B4DB2E6721AA206100A51CD7 /* Info.plist */ = {isa = PBXFileReference; lastKnownFileType = text.plist.xml; path = Info.plist; sourceTree = "<group>"; };
		B4DB2E6C21AA206100A51CD7 /* MemeMe 2.0Tests.xctest */ = {isa = PBXFileReference; explicitFileType = wrapper.cfbundle; includeInIndex = 0; path = "MemeMe 2.0Tests.xctest"; sourceTree = BUILT_PRODUCTS_DIR; };
		B4DB2E7021AA206100A51CD7 /* MemeMe_1_0Tests.swift */ = {isa = PBXFileReference; lastKnownFileType = sourcecode.swift; path = MemeMe_1_0Tests.swift; sourceTree = "<group>"; };
		B4DB2E7221AA206100A51CD7 /* Info.plist */ = {isa = PBXFileReference; lastKnownFileType = text.plist.xml; path = Info.plist; sourceTree = "<group>"; };
		B4DB2E7721AA206100A51CD7 /* MemeMe 2.0UITests.xctest */ = {isa = PBXFileReference; explicitFileType = wrapper.cfbundle; includeInIndex = 0; path = "MemeMe 2.0UITests.xctest"; sourceTree = BUILT_PRODUCTS_DIR; };
		B4DB2E7B21AA206100A51CD7 /* MemeMe_1_0UITests.swift */ = {isa = PBXFileReference; lastKnownFileType = sourcecode.swift; path = MemeMe_1_0UITests.swift; sourceTree = "<group>"; };
		B4DB2E7D21AA206100A51CD7 /* Info.plist */ = {isa = PBXFileReference; lastKnownFileType = text.plist.xml; path = Info.plist; sourceTree = "<group>"; };
		B4F696E22215764F00F3EFA9 /* SentMemes+CoreDataClass.swift */ = {isa = PBXFileReference; lastKnownFileType = sourcecode.swift; path = "SentMemes+CoreDataClass.swift"; sourceTree = "<group>"; };
		B4F696E32215764F00F3EFA9 /* SentMemes+CoreDataProperties.swift */ = {isa = PBXFileReference; lastKnownFileType = sourcecode.swift; path = "SentMemes+CoreDataProperties.swift"; sourceTree = "<group>"; };
/* End PBXFileReference section */

/* Begin PBXFrameworksBuildPhase section */
		B4DB2E5521AA205F00A51CD7 /* Frameworks */ = {
			isa = PBXFrameworksBuildPhase;
			buildActionMask = 2147483647;
			files = (
				B46BB5882212E73A004D2EEE /* CoreData.framework in Frameworks */,
			);
			runOnlyForDeploymentPostprocessing = 0;
		};
		B4DB2E6921AA206100A51CD7 /* Frameworks */ = {
			isa = PBXFrameworksBuildPhase;
			buildActionMask = 2147483647;
			files = (
			);
			runOnlyForDeploymentPostprocessing = 0;
		};
		B4DB2E7421AA206100A51CD7 /* Frameworks */ = {
			isa = PBXFrameworksBuildPhase;
			buildActionMask = 2147483647;
			files = (
			);
			runOnlyForDeploymentPostprocessing = 0;
		};
/* End PBXFrameworksBuildPhase section */

/* Begin PBXGroup section */
		B46BB5862212E73A004D2EEE /* Frameworks */ = {
			isa = PBXGroup;
			children = (
				B46BB5872212E73A004D2EEE /* CoreData.framework */,
			);
			name = Frameworks;
			sourceTree = "<group>";
		};
		B4DB2E4F21AA205F00A51CD7 = {
			isa = PBXGroup;
			children = (
				B4DB2E5A21AA205F00A51CD7 /* MemeMe 2.0 */,
				B4DB2E6F21AA206100A51CD7 /* MemeMe 2.0Tests */,
				B4DB2E7A21AA206100A51CD7 /* MemeMe 2.0UITests */,
				B4DB2E5921AA205F00A51CD7 /* Products */,
				B46BB5862212E73A004D2EEE /* Frameworks */,
			);
			sourceTree = "<group>";
		};
		B4DB2E5921AA205F00A51CD7 /* Products */ = {
			isa = PBXGroup;
			children = (
				B4DB2E5821AA205F00A51CD7 /* MemeMe 2.0.app */,
				B4DB2E6C21AA206100A51CD7 /* MemeMe 2.0Tests.xctest */,
				B4DB2E7721AA206100A51CD7 /* MemeMe 2.0UITests.xctest */,
			);
			name = Products;
			sourceTree = "<group>";
		};
		B4DB2E5A21AA205F00A51CD7 /* MemeMe 2.0 */ = {
			isa = PBXGroup;
			children = (
				B4DB2E5B21AA205F00A51CD7 /* AppDelegate.swift */,
				B4DB2E5D21AA205F00A51CD7 /* MemeEditor.swift */,
				B4DB2E5F21AA205F00A51CD7 /* MemeEditor.storyboard */,
				B491D00821F37FC0006949A3 /* SentMemes.swift */,
				B491D00621F37F58006949A3 /* SentMemes.storyboard */,
				B477381D221294D100E02BD6 /* MemeDetail.swift */,
				B4DB2E6221AA206100A51CD7 /* Assets.xcassets */,
				B4DB2E6721AA206100A51CD7 /* Info.plist */,
				B4F696E22215764F00F3EFA9 /* SentMemes+CoreDataClass.swift */,
				B4F696E32215764F00F3EFA9 /* SentMemes+CoreDataProperties.swift */,
				B46BB5892212E7B4004D2EEE /* MemeData.xcdatamodeld */,
				B4D234742214359600E38F16 /* MemeData.swift */,
			);
			path = "MemeMe 2.0";
			sourceTree = "<group>";
		};
		B4DB2E6F21AA206100A51CD7 /* MemeMe 2.0Tests */ = {
			isa = PBXGroup;
			children = (
				B4DB2E7021AA206100A51CD7 /* MemeMe_1_0Tests.swift */,
				B4DB2E7221AA206100A51CD7 /* Info.plist */,
			);
			path = "MemeMe 2.0Tests";
			sourceTree = "<group>";
		};
		B4DB2E7A21AA206100A51CD7 /* MemeMe 2.0UITests */ = {
			isa = PBXGroup;
			children = (
				B4DB2E7B21AA206100A51CD7 /* MemeMe_1_0UITests.swift */,
				B4DB2E7D21AA206100A51CD7 /* Info.plist */,
			);
			path = "MemeMe 2.0UITests";
			sourceTree = "<group>";
		};
/* End PBXGroup section */

/* Begin PBXNativeTarget section */
		B4DB2E5721AA205F00A51CD7 /* MemeMe 2.0 */ = {
			isa = PBXNativeTarget;
			buildConfigurationList = B4DB2E8021AA206100A51CD7 /* Build configuration list for PBXNativeTarget "MemeMe 2.0" */;
			buildPhases = (
				B4DB2E5421AA205F00A51CD7 /* Sources */,
				B4DB2E5521AA205F00A51CD7 /* Frameworks */,
				B4DB2E5621AA205F00A51CD7 /* Resources */,
			);
			buildRules = (
			);
			dependencies = (
			);
			name = "MemeMe 2.0";
			productName = "MemeMe 1.0";
			productReference = B4DB2E5821AA205F00A51CD7 /* MemeMe 2.0.app */;
			productType = "com.apple.product-type.application";
		};
		B4DB2E6B21AA206100A51CD7 /* MemeMe 2.0Tests */ = {
			isa = PBXNativeTarget;
			buildConfigurationList = B4DB2E8321AA206100A51CD7 /* Build configuration list for PBXNativeTarget "MemeMe 2.0Tests" */;
			buildPhases = (
				B4DB2E6821AA206100A51CD7 /* Sources */,
				B4DB2E6921AA206100A51CD7 /* Frameworks */,
				B4DB2E6A21AA206100A51CD7 /* Resources */,
			);
			buildRules = (
			);
			dependencies = (
				B4DB2E6E21AA206100A51CD7 /* PBXTargetDependency */,
			);
			name = "MemeMe 2.0Tests";
			productName = "MemeMe 1.0Tests";
			productReference = B4DB2E6C21AA206100A51CD7 /* MemeMe 2.0Tests.xctest */;
			productType = "com.apple.product-type.bundle.unit-test";
		};
		B4DB2E7621AA206100A51CD7 /* MemeMe 2.0UITests */ = {
			isa = PBXNativeTarget;
			buildConfigurationList = B4DB2E8621AA206100A51CD7 /* Build configuration list for PBXNativeTarget "MemeMe 2.0UITests" */;
			buildPhases = (
				B4DB2E7321AA206100A51CD7 /* Sources */,
				B4DB2E7421AA206100A51CD7 /* Frameworks */,
				B4DB2E7521AA206100A51CD7 /* Resources */,
			);
			buildRules = (
			);
			dependencies = (
				B4DB2E7921AA206100A51CD7 /* PBXTargetDependency */,
			);
			name = "MemeMe 2.0UITests";
			productName = "MemeMe 1.0UITests";
			productReference = B4DB2E7721AA206100A51CD7 /* MemeMe 2.0UITests.xctest */;
			productType = "com.apple.product-type.bundle.ui-testing";
		};
/* End PBXNativeTarget section */

/* Begin PBXProject section */
		B4DB2E5021AA205F00A51CD7 /* Project object */ = {
			isa = PBXProject;
			attributes = {
				KnownAssetTags = (
					333,
				);
				LastSwiftUpdateCheck = 1010;
				LastUpgradeCheck = 1010;
				ORGANIZATIONNAME = "Abdulrahman Alamoudi";
				TargetAttributes = {
					B4DB2E5721AA205F00A51CD7 = {
						CreatedOnToolsVersion = 10.1;
					};
					B4DB2E6B21AA206100A51CD7 = {
						CreatedOnToolsVersion = 10.1;
						TestTargetID = B4DB2E5721AA205F00A51CD7;
					};
					B4DB2E7621AA206100A51CD7 = {
						CreatedOnToolsVersion = 10.1;
						TestTargetID = B4DB2E5721AA205F00A51CD7;
					};
				};
			};
			buildConfigurationList = B4DB2E5321AA205F00A51CD7 /* Build configuration list for PBXProject "MemeMe 2.0" */;
			compatibilityVersion = "Xcode 9.3";
			developmentRegion = en;
			hasScannedForEncodings = 0;
			knownRegions = (
				en,
				Base,
			);
			mainGroup = B4DB2E4F21AA205F00A51CD7;
			productRefGroup = B4DB2E5921AA205F00A51CD7 /* Products */;
			projectDirPath = "";
			projectRoot = "";
			targets = (
				B4DB2E5721AA205F00A51CD7 /* MemeMe 2.0 */,
				B4DB2E6B21AA206100A51CD7 /* MemeMe 2.0Tests */,
				B4DB2E7621AA206100A51CD7 /* MemeMe 2.0UITests */,
			);
		};
/* End PBXProject section */

/* Begin PBXResourcesBuildPhase section */
		B4DB2E5621AA205F00A51CD7 /* Resources */ = {
			isa = PBXResourcesBuildPhase;
			buildActionMask = 2147483647;
			files = (
				B491D00721F37F58006949A3 /* SentMemes.storyboard in Resources */,
				B4DB2E6321AA206100A51CD7 /* Assets.xcassets in Resources */,
				B4DB2E6121AA205F00A51CD7 /* MemeEditor.storyboard in Resources */,
			);
			runOnlyForDeploymentPostprocessing = 0;
		};
		B4DB2E6A21AA206100A51CD7 /* Resources */ = {
			isa = PBXResourcesBuildPhase;
			buildActionMask = 2147483647;
			files = (
			);
			runOnlyForDeploymentPostprocessing = 0;
		};
		B4DB2E7521AA206100A51CD7 /* Resources */ = {
			isa = PBXResourcesBuildPhase;
			buildActionMask = 2147483647;
			files = (
			);
			runOnlyForDeploymentPostprocessing = 0;
		};
/* End PBXResourcesBuildPhase section */

/* Begin PBXSourcesBuildPhase section */
		B4DB2E5421AA205F00A51CD7 /* Sources */ = {
			isa = PBXSourcesBuildPhase;
			buildActionMask = 2147483647;
			files = (
				B491D00921F37FC0006949A3 /* SentMemes.swift in Sources */,
				B4DB2E5E21AA205F00A51CD7 /* MemeEditor.swift in Sources */,
				B477381E221294D200E02BD6 /* MemeDetail.swift in Sources */,
				B4DB2E5C21AA205F00A51CD7 /* AppDelegate.swift in Sources */,
				B4D234752214359600E38F16 /* MemeData.swift in Sources */,
				B4F696E42215764F00F3EFA9 /* SentMemes+CoreDataClass.swift in Sources */,
				B46BB58B2212E7B4004D2EEE /* MemeData.xcdatamodeld in Sources */,
				B4F696E52215764F00F3EFA9 /* SentMemes+CoreDataProperties.swift in Sources */,
			);
			runOnlyForDeploymentPostprocessing = 0;
		};
		B4DB2E6821AA206100A51CD7 /* Sources */ = {
			isa = PBXSourcesBuildPhase;
			buildActionMask = 2147483647;
			files = (
				B4DB2E7121AA206100A51CD7 /* MemeMe_1_0Tests.swift in Sources */,
			);
			runOnlyForDeploymentPostprocessing = 0;
		};
		B4DB2E7321AA206100A51CD7 /* Sources */ = {
			isa = PBXSourcesBuildPhase;
			buildActionMask = 2147483647;
			files = (
				B4DB2E7C21AA206100A51CD7 /* MemeMe_1_0UITests.swift in Sources */,
			);
			runOnlyForDeploymentPostprocessing = 0;
		};
/* End PBXSourcesBuildPhase section */

/* Begin PBXTargetDependency section */
		B4DB2E6E21AA206100A51CD7 /* PBXTargetDependency */ = {
			isa = PBXTargetDependency;
			target = B4DB2E5721AA205F00A51CD7 /* MemeMe 2.0 */;
			targetProxy = B4DB2E6D21AA206100A51CD7 /* PBXContainerItemProxy */;
		};
		B4DB2E7921AA206100A51CD7 /* PBXTargetDependency */ = {
			isa = PBXTargetDependency;
			target = B4DB2E5721AA205F00A51CD7 /* MemeMe 2.0 */;
			targetProxy = B4DB2E7821AA206100A51CD7 /* PBXContainerItemProxy */;
		};
/* End PBXTargetDependency section */

/* Begin PBXVariantGroup section */
		B4DB2E5F21AA205F00A51CD7 /* MemeEditor.storyboard */ = {
			isa = PBXVariantGroup;
			children = (
				B4DB2E6021AA205F00A51CD7 /* Base */,
			);
			name = MemeEditor.storyboard;
			sourceTree = "<group>";
		};
/* End PBXVariantGroup section */

/* Begin XCBuildConfiguration section */
		B4DB2E7E21AA206100A51CD7 /* Debug */ = {
			isa = XCBuildConfiguration;
			buildSettings = {
				ALWAYS_SEARCH_USER_PATHS = NO;
				CLANG_ANALYZER_NONNULL = YES;
				CLANG_ANALYZER_NUMBER_OBJECT_CONVERSION = YES_AGGRESSIVE;
				CLANG_CXX_LANGUAGE_STANDARD = "gnu++14";
				CLANG_CXX_LIBRARY = "libc++";
				CLANG_ENABLE_MODULES = YES;
				CLANG_ENABLE_OBJC_ARC = YES;
				CLANG_ENABLE_OBJC_WEAK = YES;
				CLANG_WARN_BLOCK_CAPTURE_AUTORELEASING = YES;
				CLANG_WARN_BOOL_CONVERSION = YES;
				CLANG_WARN_COMMA = YES;
				CLANG_WARN_CONSTANT_CONVERSION = YES;
				CLANG_WARN_DEPRECATED_OBJC_IMPLEMENTATIONS = YES;
				CLANG_WARN_DIRECT_OBJC_ISA_USAGE = YES_ERROR;
				CLANG_WARN_DOCUMENTATION_COMMENTS = YES;
				CLANG_WARN_EMPTY_BODY = YES;
				CLANG_WARN_ENUM_CONVERSION = YES;
				CLANG_WARN_INFINITE_RECURSION = YES;
				CLANG_WARN_INT_CONVERSION = YES;
				CLANG_WARN_NON_LITERAL_NULL_CONVERSION = YES;
				CLANG_WARN_OBJC_IMPLICIT_RETAIN_SELF = YES;
				CLANG_WARN_OBJC_LITERAL_CONVERSION = YES;
				CLANG_WARN_OBJC_ROOT_CLASS = YES_ERROR;
				CLANG_WARN_RANGE_LOOP_ANALYSIS = YES;
				CLANG_WARN_STRICT_PROTOTYPES = YES;
				CLANG_WARN_SUSPICIOUS_MOVE = YES;
				CLANG_WARN_UNGUARDED_AVAILABILITY = YES_AGGRESSIVE;
				CLANG_WARN_UNREACHABLE_CODE = YES;
				CLANG_WARN__DUPLICATE_METHOD_MATCH = YES;
				CODE_SIGN_IDENTITY = "iPhone Developer";
				COPY_PHASE_STRIP = NO;
				DEBUG_INFORMATION_FORMAT = dwarf;
				ENABLE_STRICT_OBJC_MSGSEND = YES;
				ENABLE_TESTABILITY = YES;
				GCC_C_LANGUAGE_STANDARD = gnu11;
				GCC_DYNAMIC_NO_PIC = NO;
				GCC_NO_COMMON_BLOCKS = YES;
				GCC_OPTIMIZATION_LEVEL = 0;
				GCC_PREPROCESSOR_DEFINITIONS = (
					"DEBUG=1",
					"$(inherited)",
				);
				GCC_WARN_64_TO_32_BIT_CONVERSION = YES;
				GCC_WARN_ABOUT_RETURN_TYPE = YES_ERROR;
				GCC_WARN_UNDECLARED_SELECTOR = YES;
				GCC_WARN_UNINITIALIZED_AUTOS = YES_AGGRESSIVE;
				GCC_WARN_UNUSED_FUNCTION = YES;
				GCC_WARN_UNUSED_VARIABLE = YES;
				IPHONEOS_DEPLOYMENT_TARGET = 12.1;
				MTL_ENABLE_DEBUG_INFO = INCLUDE_SOURCE;
				MTL_FAST_MATH = YES;
				ONLY_ACTIVE_ARCH = YES;
				SDKROOT = iphoneos;
				SWIFT_ACTIVE_COMPILATION_CONDITIONS = DEBUG;
				SWIFT_OPTIMIZATION_LEVEL = "-Onone";
			};
			name = Debug;
		};
		B4DB2E7F21AA206100A51CD7 /* Release */ = {
			isa = XCBuildConfiguration;
			buildSettings = {
				ALWAYS_SEARCH_USER_PATHS = NO;
				CLANG_ANALYZER_NONNULL = YES;
				CLANG_ANALYZER_NUMBER_OBJECT_CONVERSION = YES_AGGRESSIVE;
				CLANG_CXX_LANGUAGE_STANDARD = "gnu++14";
				CLANG_CXX_LIBRARY = "libc++";
				CLANG_ENABLE_MODULES = YES;
				CLANG_ENABLE_OBJC_ARC = YES;
				CLANG_ENABLE_OBJC_WEAK = YES;
				CLANG_WARN_BLOCK_CAPTURE_AUTORELEASING = YES;
				CLANG_WARN_BOOL_CONVERSION = YES;
				CLANG_WARN_COMMA = YES;
				CLANG_WARN_CONSTANT_CONVERSION = YES;
				CLANG_WARN_DEPRECATED_OBJC_IMPLEMENTATIONS = YES;
				CLANG_WARN_DIRECT_OBJC_ISA_USAGE = YES_ERROR;
				CLANG_WARN_DOCUMENTATION_COMMENTS = YES;
				CLANG_WARN_EMPTY_BODY = YES;
				CLANG_WARN_ENUM_CONVERSION = YES;
				CLANG_WARN_INFINITE_RECURSION = YES;
				CLANG_WARN_INT_CONVERSION = YES;
				CLANG_WARN_NON_LITERAL_NULL_CONVERSION = YES;
				CLANG_WARN_OBJC_IMPLICIT_RETAIN_SELF = YES;
				CLANG_WARN_OBJC_LITERAL_CONVERSION = YES;
				CLANG_WARN_OBJC_ROOT_CLASS = YES_ERROR;
				CLANG_WARN_RANGE_LOOP_ANALYSIS = YES;
				CLANG_WARN_STRICT_PROTOTYPES = YES;
				CLANG_WARN_SUSPICIOUS_MOVE = YES;
				CLANG_WARN_UNGUARDED_AVAILABILITY = YES_AGGRESSIVE;
				CLANG_WARN_UNREACHABLE_CODE = YES;
				CLANG_WARN__DUPLICATE_METHOD_MATCH = YES;
				CODE_SIGN_IDENTITY = "iPhone Developer";
				COPY_PHASE_STRIP = NO;
				DEBUG_INFORMATION_FORMAT = "dwarf-with-dsym";
				ENABLE_NS_ASSERTIONS = NO;
				ENABLE_STRICT_OBJC_MSGSEND = YES;
				GCC_C_LANGUAGE_STANDARD = gnu11;
				GCC_NO_COMMON_BLOCKS = YES;
				GCC_WARN_64_TO_32_BIT_CONVERSION = YES;
				GCC_WARN_ABOUT_RETURN_TYPE = YES_ERROR;
				GCC_WARN_UNDECLARED_SELECTOR = YES;
				GCC_WARN_UNINITIALIZED_AUTOS = YES_AGGRESSIVE;
				GCC_WARN_UNUSED_FUNCTION = YES;
				GCC_WARN_UNUSED_VARIABLE = YES;
				IPHONEOS_DEPLOYMENT_TARGET = 12.1;
				MTL_ENABLE_DEBUG_INFO = NO;
				MTL_FAST_MATH = YES;
				SDKROOT = iphoneos;
				SWIFT_COMPILATION_MODE = wholemodule;
				SWIFT_OPTIMIZATION_LEVEL = "-O";
				VALIDATE_PRODUCT = YES;
			};
			name = Release;
		};
		B4DB2E8121AA206100A51CD7 /* Debug */ = {
			isa = XCBuildConfiguration;
			buildSettings = {
				ASSETCATALOG_COMPILER_APPICON_NAME = AppIcon;
				CODE_SIGN_STYLE = Automatic;
				INFOPLIST_FILE = "$(SRCROOT)/MemeMe 2.0/Info.plist";
				LD_RUNPATH_SEARCH_PATHS = (
					"$(inherited)",
					"@executable_path/Frameworks",
				);
				PRODUCT_BUNDLE_IDENTIFIER = "com.udacity.MemeMe-2.0";
				PRODUCT_NAME = "$(TARGET_NAME)";
				SWIFT_VERSION = 4.2;
				TARGETED_DEVICE_FAMILY = "1,2";
			};
			name = Debug;
		};
		B4DB2E8221AA206100A51CD7 /* Release */ = {
			isa = XCBuildConfiguration;
			buildSettings = {
				ASSETCATALOG_COMPILER_APPICON_NAME = AppIcon;
				CODE_SIGN_STYLE = Automatic;
				INFOPLIST_FILE = "$(SRCROOT)/MemeMe 2.0/Info.plist";
				LD_RUNPATH_SEARCH_PATHS = (
					"$(inherited)",
					"@executable_path/Frameworks",
				);
				PRODUCT_BUNDLE_IDENTIFIER = "com.udacity.MemeMe-2.0";
				PRODUCT_NAME = "$(TARGET_NAME)";
				SWIFT_VERSION = 4.2;
				TARGETED_DEVICE_FAMILY = "1,2";
			};
			name = Release;
		};
		B4DB2E8421AA206100A51CD7 /* Debug */ = {
			isa = XCBuildConfiguration;
			buildSettings = {
				ALWAYS_EMBED_SWIFT_STANDARD_LIBRARIES = YES;
				BUNDLE_LOADER = "$(TEST_HOST)";
				CODE_SIGN_STYLE = Automatic;
				INFOPLIST_FILE = "MemeMe 1.0Tests/Info.plist";
				LD_RUNPATH_SEARCH_PATHS = (
					"$(inherited)",
					"@executable_path/Frameworks",
					"@loader_path/Frameworks",
				);
				PRODUCT_BUNDLE_IDENTIFIER = "com.udacity.MemeMe-1.0.MemeMe-1-0Tests";
				PRODUCT_NAME = "$(TARGET_NAME)";
				SWIFT_VERSION = 4.2;
				TARGETED_DEVICE_FAMILY = "1,2";
				TEST_HOST = "$(BUILT_PRODUCTS_DIR)/MemeMe 2.0.app/MemeMe 2.0";
			};
			name = Debug;
		};
		B4DB2E8521AA206100A51CD7 /* Release */ = {
			isa = XCBuildConfiguration;
			buildSettings = {
				ALWAYS_EMBED_SWIFT_STANDARD_LIBRARIES = YES;
				BUNDLE_LOADER = "$(TEST_HOST)";
				CODE_SIGN_STYLE = Automatic;
				INFOPLIST_FILE = "MemeMe 1.0Tests/Info.plist";
				LD_RUNPATH_SEARCH_PATHS = (
					"$(inherited)",
					"@executable_path/Frameworks",
					"@loader_path/Frameworks",
				);
				PRODUCT_BUNDLE_IDENTIFIER = "com.udacity.MemeMe-1.0.MemeMe-1-0Tests";
				PRODUCT_NAME = "$(TARGET_NAME)";
				SWIFT_VERSION = 4.2;
				TARGETED_DEVICE_FAMILY = "1,2";
				TEST_HOST = "$(BUILT_PRODUCTS_DIR)/MemeMe 2.0.app/MemeMe 2.0";
			};
			name = Release;
		};
		B4DB2E8721AA206100A51CD7 /* Debug */ = {
			isa = XCBuildConfiguration;
			buildSettings = {
				ALWAYS_EMBED_SWIFT_STANDARD_LIBRARIES = YES;
				CODE_SIGN_STYLE = Automatic;
				INFOPLIST_FILE = "MemeMe 1.0UITests/Info.plist";
				LD_RUNPATH_SEARCH_PATHS = (
					"$(inherited)",
					"@executable_path/Frameworks",
					"@loader_path/Frameworks",
				);
				PRODUCT_BUNDLE_IDENTIFIER = "com.udacity.MemeMe-1.0.MemeMe-1-0UITests";
				PRODUCT_NAME = "$(TARGET_NAME)";
				SWIFT_VERSION = 4.2;
				TARGETED_DEVICE_FAMILY = "1,2";
				TEST_TARGET_NAME = "MemeMe 1.0";
			};
			name = Debug;
		};
		B4DB2E8821AA206100A51CD7 /* Release */ = {
			isa = XCBuildConfiguration;
			buildSettings = {
				ALWAYS_EMBED_SWIFT_STANDARD_LIBRARIES = YES;
				CODE_SIGN_STYLE = Automatic;
				INFOPLIST_FILE = "MemeMe 1.0UITests/Info.plist";
				LD_RUNPATH_SEARCH_PATHS = (
					"$(inherited)",
					"@executable_path/Frameworks",
					"@loader_path/Frameworks",
				);
				PRODUCT_BUNDLE_IDENTIFIER = "com.udacity.MemeMe-1.0.MemeMe-1-0UITests";
				PRODUCT_NAME = "$(TARGET_NAME)";
				SWIFT_VERSION = 4.2;
				TARGETED_DEVICE_FAMILY = "1,2";
				TEST_TARGET_NAME = "MemeMe 1.0";
			};
			name = Release;
		};
/* End XCBuildConfiguration section */

/* Begin XCConfigurationList section */
		B4DB2E5321AA205F00A51CD7 /* Build configuration list for PBXProject "MemeMe 2.0" */ = {
			isa = XCConfigurationList;
			buildConfigurations = (
				B4DB2E7E21AA206100A51CD7 /* Debug */,
				B4DB2E7F21AA206100A51CD7 /* Release */,
			);
			defaultConfigurationIsVisible = 0;
			defaultConfigurationName = Release;
		};
		B4DB2E8021AA206100A51CD7 /* Build configuration list for PBXNativeTarget "MemeMe 2.0" */ = {
			isa = XCConfigurationList;
			buildConfigurations = (
				B4DB2E8121AA206100A51CD7 /* Debug */,
				B4DB2E8221AA206100A51CD7 /* Release */,
			);
			defaultConfigurationIsVisible = 0;
			defaultConfigurationName = Release;
		};
		B4DB2E8321AA206100A51CD7 /* Build configuration list for PBXNativeTarget "MemeMe 2.0Tests" */ = {
			isa = XCConfigurationList;
			buildConfigurations = (
				B4DB2E8421AA206100A51CD7 /* Debug */,
				B4DB2E8521AA206100A51CD7 /* Release */,
			);
			defaultConfigurationIsVisible = 0;
			defaultConfigurationName = Release;
		};
		B4DB2E8621AA206100A51CD7 /* Build configuration list for PBXNativeTarget "MemeMe 2.0UITests" */ = {
			isa = XCConfigurationList;
			buildConfigurations = (
				B4DB2E8721AA206100A51CD7 /* Debug */,
				B4DB2E8821AA206100A51CD7 /* Release */,
			);
			defaultConfigurationIsVisible = 0;
			defaultConfigurationName = Release;
		};
/* End XCConfigurationList section */

/* Begin XCVersionGroup section */
		B46BB5892212E7B4004D2EEE /* MemeData.xcdatamodeld */ = {
			isa = XCVersionGroup;
			children = (
				B46BB58A2212E7B4004D2EEE /* Model.xcdatamodel */,
			);
			currentVersion = B46BB58A2212E7B4004D2EEE /* Model.xcdatamodel */;
			path = MemeData.xcdatamodeld;
			sourceTree = "<group>";
			versionGroupType = wrapper.xcdatamodel;
		};
/* End XCVersionGroup section */
	};
	rootObject = B4DB2E5021AA205F00A51CD7 /* Project object */;
}
